
Microsoft Visual Studio Solution File, Format Version 12.00
# Visual Studio 15
VisualStudioVersion = 15.0.27130.0
MinimumVisualStudioVersion = 10.0.40219.1
Project("{8BC9CEB8-8B4A-11D0-8D11-00A0C91BC942}") = "Single_Equa_core", "Single_Equa_core\Single_Equa_core.vcxproj", "{CEA899CF-F047-4123-92B6-F79A2883363D}"
EndProject
Global
	GlobalSection(SolutionConfigurationPlatforms) = preSolution
		Debug|x64 = Debug|x64
		Debug|x86 = Debug|x86
		Release|x64 = Release|x64
		Release|x86 = Release|x86
	EndGlobalSection
	GlobalSection(ProjectConfigurationPlatforms) = postSolution
		{CEA899CF-F047-4123-92B6-F79A2883363D}.Debug|x64.ActiveCfg = Debug|x64
		{CEA899CF-F047-4123-92B6-F79A2883363D}.Debug|x64.Build.0 = Debug|x64
		{CEA899CF-F047-4123-92B6-F79A2883363D}.Debug|x86.ActiveCfg = Debug|Win32
		{CEA899CF-F047-4123-92B6-F79A2883363D}.Debug|x86.Build.0 = Debug|Win32
		{CEA899CF-F047-4123-92B6-F79A2883363D}.Release|x64.ActiveCfg = Release|x64
		{CEA899CF-F047-4123-92B6-F79A2883363D}.Release|x64.Build.0 = Release|x64
		{CEA899CF-F047-4123-92B6-F79A2883363D}.Release|x86.ActiveCfg = Release|Win32
		{CEA899CF-F047-4123-92B6-F79A2883363D}.Release|x86.Build.0 = Release|Win32
	EndGlobalSection
	GlobalSection(SolutionProperties) = preSolution
		HideSolutionNode = FALSE
	EndGlobalSection
	GlobalSection(ExtensibilityGlobals) = postSolution
		SolutionGuid = {BDDCCB25-1B13-42F4-94AC-F4FA3C4663E1}
	EndGlobalSection
EndGlobal
